
Microsoft Visual Studio Solution File, Format Version 12.00
# Visual Studio Version 17
VisualStudioVersion = 17.2.32602.215
MinimumVisualStudioVersion = 10.0.40219.1
Project("{FAE04EC0-301F-11D3-BF4B-00C04F79EFBC}") = "CRUD_Application", "CRUD_Application\CRUD_Application.csproj", "{1DE97345-B90B-42DE-ADD0-810480090A80}"
EndProject
Global
	GlobalSection(SolutionConfigurationPlatforms) = preSolution
		Debug|Any CPU = Debug|Any CPU
		Release|Any CPU = Release|Any CPU
	EndGlobalSection
	GlobalSection(ProjectConfigurationPlatforms) = postSolution
		{1DE97345-B90B-42DE-ADD0-810480090A80}.Debug|Any CPU.ActiveCfg = Debug|Any CPU
		{1DE97345-B90B-42DE-ADD0-810480090A80}.Debug|Any CPU.Build.0 = Debug|Any CPU
		{1DE97345-B90B-42DE-ADD0-810480090A80}.Release|Any CPU.ActiveCfg = Release|Any CPU
		{1DE97345-B90B-42DE-ADD0-810480090A80}.Release|Any CPU.Build.0 = Release|Any CPU
	EndGlobalSection
	GlobalSection(SolutionProperties) = preSolution
		HideSolutionNode = FALSE
	EndGlobalSection
	GlobalSection(ExtensibilityGlobals) = postSolution
		SolutionGuid = {861A04A7-28B9-4820-A384-29729401A93C}
	EndGlobalSection
EndGlobal
